// !$*UTF8*$!
{
	archiveVersion = 1;
	classes = {
	};
	objectVersion = 48;
	objects = {

/* Begin PBXBuildFile section */
		A09EAAF720BA512A00CCED90 /* AppDelegate.m in Sources */ = {isa = PBXBuildFile; fileRef = A09EAAF620BA512A00CCED90 /* AppDelegate.m */; };
		A09EAAFA20BA512A00CCED90 /* ViewController.m in Sources */ = {isa = PBXBuildFile; fileRef = A09EAAF920BA512A00CCED90 /* ViewController.m */; };
		A09EAAFD20BA512A00CCED90 /* Main.storyboard in Resources */ = {isa = PBXBuildFile; fileRef = A09EAAFB20BA512A00CCED90 /* Main.storyboard */; };
		A09EAAFF20BA512A00CCED90 /* Assets.xcassets in Resources */ = {isa = PBXBuildFile; fileRef = A09EAAFE20BA512A00CCED90 /* Assets.xcassets */; };
		A09EAB0220BA512A00CCED90 /* LaunchScreen.storyboard in Resources */ = {isa = PBXBuildFile; fileRef = A09EAB0020BA512A00CCED90 /* LaunchScreen.storyboard */; };
		A09EAB0520BA512A00CCED90 /* main.m in Sources */ = {isa = PBXBuildFile; fileRef = A09EAB0420BA512A00CCED90 /* main.m */; };
/* End PBXBuildFile section */

/* Begin PBXFileReference section */
		A09EAAF220BA512A00CCED90 /* iostest.app */ = {isa = PBXFileReference; explicitFileType = wrapper.application; includeInIndex = 0; path = iostest.app; sourceTree = BUILT_PRODUCTS_DIR; };
		A09EAAF520BA512A00CCED90 /* AppDelegate.h */ = {isa = PBXFileReference; lastKnownFileType = sourcecode.c.h; path = AppDelegate.h; sourceTree = "<group>"; };
		A09EAAF620BA512A00CCED90 /* AppDelegate.m */ = {isa = PBXFileReference; lastKnownFileType = sourcecode.c.objc; path = AppDelegate.m; sourceTree = "<group>"; };
		A09EAAF820BA512A00CCED90 /* ViewController.h */ = {isa = PBXFileReference; lastKnownFileType = sourcecode.c.h; path = ViewController.h; sourceTree = "<group>"; };
		A09EAAF920BA512A00CCED90 /* ViewController.m */ = {isa = PBXFileReference; lastKnownFileType = sourcecode.c.objc; path = ViewController.m; sourceTree = "<group>"; };
		A09EAAFC20BA512A00CCED90 /* Base */ = {isa = PBXFileReference; lastKnownFileType = file.storyboard; name = Base; path = Base.lproj/Main.storyboard; sourceTree = "<group>"; };
		A09EAAFE20BA512A00CCED90 /* Assets.xcassets */ = {isa = PBXFileReference; lastKnownFileType = folder.assetcatalog; path = Assets.xcassets; sourceTree = "<group>"; };
		A09EAB0120BA512A00CCED90 /* Base */ = {isa = PBXFileReference; lastKnownFileType = file.storyboard; name = Base; path = Base.lproj/LaunchScreen.storyboard; sourceTree = "<group>"; };
		A09EAB0320BA512A00CCED90 /* Info.plist */ = {isa = PBXFileReference; lastKnownFileType = text.plist.xml; path = Info.plist; sourceTree = "<group>"; };
		A09EAB0420BA512A00CCED90 /* main.m */ = {isa = PBXFileReference; lastKnownFileType = sourcecode.c.objc; path = main.m; sourceTree = "<group>"; };
/* End PBXFileReference section */

/* Begin PBXFrameworksBuildPhase section */
		A09EAAEF20BA512A00CCED90 /* Frameworks */ = {
			isa = PBXFrameworksBuildPhase;
			buildActionMask = 2147483647;
			files = (
			);
			runOnlyForDeploymentPostprocessing = 0;
		};
/* End PBXFrameworksBuildPhase section */

/* Begin PBXGroup section */
		A09EAAE920BA512A00CCED90 = {
			isa = PBXGroup;
			children = (
				A09EAAF420BA512A00CCED90 /* iostest */,
				A09EAAF320BA512A00CCED90 /* Products */,
			);
			sourceTree = "<group>";
		};
		A09EAAF320BA512A00CCED90 /* Products */ = {
			isa = PBXGroup;
			children = (
				A09EAAF220BA512A00CCED90 /* iostest.app */,
			);
			name = Products;
			sourceTree = "<group>";
		};
		A09EAAF420BA512A00CCED90 /* iostest */ = {
			isa = PBXGroup;
			children = (
				A09EAAF520BA512A00CCED90 /* AppDelegate.h */,
				A09EAAF620BA512A00CCED90 /* AppDelegate.m */,
				A09EAAF820BA512A00CCED90 /* ViewController.h */,
				A09EAAF920BA512A00CCED90 /* ViewController.m */,
				A09EAAFB20BA512A00CCED90 /* Main.storyboard */,
				A09EAAFE20BA512A00CCED90 /* Assets.xcassets */,
				A09EAB0020BA512A00CCED90 /* LaunchScreen.storyboard */,
				A09EAB0320BA512A00CCED90 /* Info.plist */,
				A09EAB0420BA512A00CCED90 /* main.m */,
			);
			path = iostest;
			sourceTree = "<group>";
		};
/* End PBXGroup section */

/* Begin PBXNativeTarget section */
		A09EAAF120BA512A00CCED90 /* iostest */ = {
			isa = PBXNativeTarget;
			buildConfigurationList = A09EAB0820BA512A00CCED90 /* Build configuration list for PBXNativeTarget "iostest" */;
			buildPhases = (
				A09EAAEE20BA512A00CCED90 /* Sources */,
				A09EAAEF20BA512A00CCED90 /* Frameworks */,
				A09EAAF020BA512A00CCED90 /* Resources */,
			);
			buildRules = (
			);
			dependencies = (
			);
			name = iostest;
			productName = iostest;
			productReference = A09EAAF220BA512A00CCED90 /* iostest.app */;
			productType = "com.apple.product-type.application";
		};
/* End PBXNativeTarget section */

/* Begin PBXProject section */
		A09EAAEA20BA512A00CCED90 /* Project object */ = {
			isa = PBXProject;
			attributes = {
				LastUpgradeCheck = 0900;
				ORGANIZATIONNAME = misterzhouzhou;
				TargetAttributes = {
					A09EAAF120BA512A00CCED90 = {
						CreatedOnToolsVersion = 9.0;
						ProvisioningStyle = Automatic;
					};
				};
			};
			buildConfigurationList = A09EAAED20BA512A00CCED90 /* Build configuration list for PBXProject "iostest" */;
			compatibilityVersion = "Xcode 8.0";
			developmentRegion = en;
			hasScannedForEncodings = 0;
			knownRegions = (
				en,
				Base,
			);
			mainGroup = A09EAAE920BA512A00CCED90;
			productRefGroup = A09EAAF320BA512A00CCED90 /* Products */;
			projectDirPath = "";
			projectRoot = "";
			targets = (
				A09EAAF120BA512A00CCED90 /* iostest */,
			);
		};
/* End PBXProject section */

/* Begin PBXResourcesBuildPhase section */
		A09EAAF020BA512A00CCED90 /* Resources */ = {
			isa = PBXResourcesBuildPhase;
			buildActionMask = 2147483647;
			files = (
				A09EAB0220BA512A00CCED90 /* LaunchScreen.storyboard in Resources */,
				A09EAAFF20BA512A00CCED90 /* Assets.xcassets in Resources */,
				A09EAAFD20BA512A00CCED90 /* Main.storyboard in Resources */,
			);
			runOnlyForDeploymentPostprocessing = 0;
		};
/* End PBXResourcesBuildPhase section */

/* Begin PBXSourcesBuildPhase section */
		A09EAAEE20BA512A00CCED90 /* Sources */ = {
			isa = PBXSourcesBuildPhase;
			buildActionMask = 2147483647;
			files = (
				A09EAAFA20BA512A00CCED90 /* ViewController.m in Sources */,
				A09EAB0520BA512A00CCED90 /* main.m in Sources */,
				A09EAAF720BA512A00CCED90 /* AppDelegate.m in Sources */,
			);
			runOnlyForDeploymentPostprocessing = 0;
		};
/* End PBXSourcesBuildPhase section */

/* Begin PBXVariantGroup section */
		A09EAAFB20BA512A00CCED90 /* Main.storyboard */ = {
			isa = PBXVariantGroup;
			children = (
				A09EAAFC20BA512A00CCED90 /* Base */,
			);
			name = Main.storyboard;
			sourceTree = "<group>";
		};
		A09EAB0020BA512A00CCED90 /* LaunchScreen.storyboard */ = {
			isa = PBXVariantGroup;
			children = (
				A09EAB0120BA512A00CCED90 /* Base */,
			);
			name = LaunchScreen.storyboard;
			sourceTree = "<group>";
		};
/* End PBXVariantGroup section */

/* Begin XCBuildConfiguration section */
		A09EAB0620BA512A00CCED90 /* Debug */ = {
			isa = XCBuildConfiguration;
			buildSettings = {
				ALWAYS_SEARCH_USER_PATHS = NO;
				CLANG_ANALYZER_NONNULL = YES;
				CLANG_ANALYZER_NUMBER_OBJECT_CONVERSION = YES_AGGRESSIVE;
				CLANG_CXX_LANGUAGE_STANDARD = "gnu++14";
				CLANG_CXX_LIBRARY = "libc++";
				CLANG_ENABLE_MODULES = YES;
				CLANG_ENABLE_OBJC_ARC = YES;
				CLANG_WARN_BLOCK_CAPTURE_AUTORELEASING = YES;
				CLANG_WARN_BOOL_CONVERSION = YES;
				CLANG_WARN_COMMA = YES;
				CLANG_WARN_CONSTANT_CONVERSION = YES;
				CLANG_WARN_DIRECT_OBJC_ISA_USAGE = YES_ERROR;
				CLANG_WARN_DOCUMENTATION_COMMENTS = YES;
				CLANG_WARN_EMPTY_BODY = YES;
				CLANG_WARN_ENUM_CONVERSION = YES;
				CLANG_WARN_INFINITE_RECURSION = YES;
				CLANG_WARN_INT_CONVERSION = YES;
				CLANG_WARN_NON_LITERAL_NULL_CONVERSION = YES;
				CLANG_WARN_OBJC_LITERAL_CONVERSION = YES;
				CLANG_WARN_OBJC_ROOT_CLASS = YES_ERROR;
				CLANG_WARN_RANGE_LOOP_ANALYSIS = YES;
				CLANG_WARN_STRICT_PROTOTYPES = YES;
				CLANG_WARN_SUSPICIOUS_MOVE = YES;
				CLANG_WARN_UNGUARDED_AVAILABILITY = YES_AGGRESSIVE;
				CLANG_WARN_UNREACHABLE_CODE = YES;
				CLANG_WARN__DUPLICATE_METHOD_MATCH = YES;
				CODE_SIGN_IDENTITY = "iPhone Developer";
				COPY_PHASE_STRIP = NO;
				DEBUG_INFORMATION_FORMAT = dwarf;
				ENABLE_STRICT_OBJC_MSGSEND = YES;
				ENABLE_TESTABILITY = YES;
				GCC_C_LANGUAGE_STANDARD = gnu11;
				GCC_DYNAMIC_NO_PIC = NO;
				GCC_NO_COMMON_BLOCKS = YES;
				GCC_OPTIMIZATION_LEVEL = 0;
				GCC_PREPROCESSOR_DEFINITIONS = (
					"DEBUG=1",
					"$(inherited)",
				);
				GCC_WARN_64_TO_32_BIT_CONVERSION = YES;
				GCC_WARN_ABOUT_RETURN_TYPE = YES_ERROR;
				GCC_WARN_UNDECLARED_SELECTOR = YES;
				GCC_WARN_UNINITIALIZED_AUTOS = YES_AGGRESSIVE;
				GCC_WARN_UNUSED_FUNCTION = YES;
				GCC_WARN_UNUSED_VARIABLE = YES;
				IPHONEOS_DEPLOYMENT_TARGET = 11.0;
				MTL_ENABLE_DEBUG_INFO = YES;
				ONLY_ACTIVE_ARCH = YES;
				SDKROOT = iphoneos;
			};
			name = Debug;
		};
		A09EAB0720BA512A00CCED90 /* Release */ = {
			isa = XCBuildConfiguration;
			buildSettings = {
				ALWAYS_SEARCH_USER_PATHS = NO;
				CLANG_ANALYZER_NONNULL = YES;
				CLANG_ANALYZER_NUMBER_OBJECT_CONVERSION = YES_AGGRESSIVE;
				CLANG_CXX_LANGUAGE_STANDARD = "gnu++14";
				CLANG_CXX_LIBRARY = "libc++";
				CLANG_ENABLE_MODULES = YES;
				CLANG_ENABLE_OBJC_ARC = YES;
				CLANG_WARN_BLOCK_CAPTURE_AUTORELEASING = YES;
				CLANG_WARN_BOOL_CONVERSION = YES;
				CLANG_WARN_COMMA = YES;
				CLANG_WARN_CONSTANT_CONVERSION = YES;
				CLANG_WARN_DIRECT_OBJC_ISA_USAGE = YES_ERROR;
				CLANG_WARN_DOCUMENTATION_COMMENTS = YES;
				CLANG_WARN_EMPTY_BODY = YES;
				CLANG_WARN_ENUM_CONVERSION = YES;
				CLANG_WARN_INFINITE_RECURSION = YES;
				CLANG_WARN_INT_CONVERSION = YES;
				CLANG_WARN_NON_LITERAL_NULL_CONVERSION = YES;
				CLANG_WARN_OBJC_LITERAL_CONVERSION = YES;
				CLANG_WARN_OBJC_ROOT_CLASS = YES_ERROR;
				CLANG_WARN_RANGE_LOOP_ANALYSIS = YES;
				CLANG_WARN_STRICT_PROTOTYPES = YES;
				CLANG_WARN_SUSPICIOUS_MOVE = YES;
				CLANG_WARN_UNGUARDED_AVAILABILITY = YES_AGGRESSIVE;
				CLANG_WARN_UNREACHABLE_CODE = YES;
				CLANG_WARN__DUPLICATE_METHOD_MATCH = YES;
				CODE_SIGN_IDENTITY = "iPhone Developer";
				COPY_PHASE_STRIP = NO;
				DEBUG_INFORMATION_FORMAT = "dwarf-with-dsym";
				ENABLE_NS_ASSERTIONS = NO;
				ENABLE_STRICT_OBJC_MSGSEND = YES;
				GCC_C_LANGUAGE_STANDARD = gnu11;
				GCC_NO_COMMON_BLOCKS = YES;
				GCC_WARN_64_TO_32_BIT_CONVERSION = YES;
				GCC_WARN_ABOUT_RETURN_TYPE = YES_ERROR;
				GCC_WARN_UNDECLARED_SELECTOR = YES;
				GCC_WARN_UNINITIALIZED_AUTOS = YES_AGGRESSIVE;
				GCC_WARN_UNUSED_FUNCTION = YES;
				GCC_WARN_UNUSED_VARIABLE = YES;
				IPHONEOS_DEPLOYMENT_TARGET = 11.0;
				MTL_ENABLE_DEBUG_INFO = NO;
				SDKROOT = iphoneos;
				VALIDATE_PRODUCT = YES;
			};
			name = Release;
		};
		A09EAB0920BA512A00CCED90 /* Debug */ = {
			isa = XCBuildConfiguration;
			buildSettings = {
				ASSETCATALOG_COMPILER_APPICON_NAME = AppIcon;
				CODE_SIGN_STYLE = Automatic;
				DEVELOPMENT_TEAM = RTV94SE5S4;
				INFOPLIST_FILE = iostest/Info.plist;
				LD_RUNPATH_SEARCH_PATHS = "$(inherited) @executable_path/Frameworks";
				PRODUCT_BUNDLE_IDENTIFIER = com.misterzhouzhou.cn;
				PRODUCT_NAME = "$(TARGET_NAME)";
				TARGETED_DEVICE_FAMILY = "1,2";
			};
			name = Debug;
		};
		A09EAB0A20BA512A00CCED90 /* Release */ = {
			isa = XCBuildConfiguration;
			buildSettings = {
				ASSETCATALOG_COMPILER_APPICON_NAME = AppIcon;
				CODE_SIGN_STYLE = Automatic;
				DEVELOPMENT_TEAM = RTV94SE5S4;
				INFOPLIST_FILE = iostest/Info.plist;
				LD_RUNPATH_SEARCH_PATHS = "$(inherited) @executable_path/Frameworks";
				PRODUCT_BUNDLE_IDENTIFIER = com.misterzhouzhou.cn;
				PRODUCT_NAME = "$(TARGET_NAME)";
				TARGETED_DEVICE_FAMILY = "1,2";
			};
			name = Release;
		};
/* End XCBuildConfiguration section */

/* Begin XCConfigurationList section */
		A09EAAED20BA512A00CCED90 /* Build configuration list for PBXProject "iostest" */ = {
			isa = XCConfigurationList;
			buildConfigurations = (
				A09EAB0620BA512A00CCED90 /* Debug */,
				A09EAB0720BA512A00CCED90 /* Release */,
			);
			defaultConfigurationIsVisible = 0;
			defaultConfigurationName = Release;
		};
		A09EAB0820BA512A00CCED90 /* Build configuration list for PBXNativeTarget "iostest" */ = {
			isa = XCConfigurationList;
			buildConfigurations = (
				A09EAB0920BA512A00CCED90 /* Debug */,
				A09EAB0A20BA512A00CCED90 /* Release */,
			);
			defaultConfigurationIsVisible = 0;
			defaultConfigurationName = Release;
		};
/* End XCConfigurationList section */
	};
	rootObject = A09EAAEA20BA512A00CCED90 /* Project object */;
}
